// !$*UTF8*$!
{
	archiveVersion = 1;
	classes = {
	};
	objectVersion = 55;
	objects = {

/* Begin PBXBuildFile section */
		E236083127304D9E0090E1AD /* ColimaSettingsView.swift in Sources */ = {isa = PBXBuildFile; fileRef = E236083027304D9E0090E1AD /* ColimaSettingsView.swift */; };
		E236083427304DCC0090E1AD /* ContainersView.swift in Sources */ = {isa = PBXBuildFile; fileRef = E236083327304DCC0090E1AD /* ContainersView.swift */; };
		E236083627304E120090E1AD /* ColimaNavigationView.swift in Sources */ = {isa = PBXBuildFile; fileRef = E236083527304E120090E1AD /* ColimaNavigationView.swift */; };
		E23608382730598C0090E1AD /* .gitignore in Resources */ = {isa = PBXBuildFile; fileRef = E23608372730598C0090E1AD /* .gitignore */; };
		E236083A27306C280090E1AD /* PageView.swift in Sources */ = {isa = PBXBuildFile; fileRef = E236083927306C280090E1AD /* PageView.swift */; };
		E2941C9F272DA910002D0C1B /* execCommand.swift in Sources */ = {isa = PBXBuildFile; fileRef = E2941C9E272DA910002D0C1B /* execCommand.swift */; };
		E2941CA1272DAA5C002D0C1B /* colima.swift in Sources */ = {isa = PBXBuildFile; fileRef = E2941CA0272DAA5C002D0C1B /* colima.swift */; };
		E2941CA6272EF368002D0C1B /* ColimaStatusPublisher.swift in Sources */ = {isa = PBXBuildFile; fileRef = E2941CA5272EF368002D0C1B /* ColimaStatusPublisher.swift */; };
		E2941CA9272F0337002D0C1B /* MainView.swift in Sources */ = {isa = PBXBuildFile; fileRef = E2941CA8272F0337002D0C1B /* MainView.swift */; };
		E2941CAB272F0439002D0C1B /* ColimaStatusView.swift in Sources */ = {isa = PBXBuildFile; fileRef = E2941CAA272F0439002D0C1B /* ColimaStatusView.swift */; };
		E2941CAD27301616002D0C1B /* ColimaStatusParserTests.swift in Sources */ = {isa = PBXBuildFile; fileRef = E2941CAC27301616002D0C1B /* ColimaStatusParserTests.swift */; };
		E2941CAF27302F7D002D0C1B /* AsyncArrayOfStrings.swift in Sources */ = {isa = PBXBuildFile; fileRef = E2941CAE27302F7D002D0C1B /* AsyncArrayOfStrings.swift */; };
		E2FA2567272D856B00621FC7 /* colimatorApp.swift in Sources */ = {isa = PBXBuildFile; fileRef = E2FA2566272D856B00621FC7 /* colimatorApp.swift */; };
		E2FA256B272D856C00621FC7 /* Assets.xcassets in Resources */ = {isa = PBXBuildFile; fileRef = E2FA256A272D856C00621FC7 /* Assets.xcassets */; };
		E2FA256E272D856C00621FC7 /* Preview Assets.xcassets in Resources */ = {isa = PBXBuildFile; fileRef = E2FA256D272D856C00621FC7 /* Preview Assets.xcassets */; };
		E2FA2579272D856C00621FC7 /* colimatorTests.swift in Sources */ = {isa = PBXBuildFile; fileRef = E2FA2578272D856C00621FC7 /* colimatorTests.swift */; };
		E2FA2583272D856C00621FC7 /* colimatorUITests.swift in Sources */ = {isa = PBXBuildFile; fileRef = E2FA2582272D856C00621FC7 /* colimatorUITests.swift */; };
		E2FA2585272D856C00621FC7 /* colimatorUITestsLaunchTests.swift in Sources */ = {isa = PBXBuildFile; fileRef = E2FA2584272D856C00621FC7 /* colimatorUITestsLaunchTests.swift */; };
/* End PBXBuildFile section */

/* Begin PBXContainerItemProxy section */
		E2FA2575272D856C00621FC7 /* PBXContainerItemProxy */ = {
			isa = PBXContainerItemProxy;
			containerPortal = E2FA255B272D856B00621FC7 /* Project object */;
			proxyType = 1;
			remoteGlobalIDString = E2FA2562272D856B00621FC7;
			remoteInfo = colimator;
		};
		E2FA257F272D856C00621FC7 /* PBXContainerItemProxy */ = {
			isa = PBXContainerItemProxy;
			containerPortal = E2FA255B272D856B00621FC7 /* Project object */;
			proxyType = 1;
			remoteGlobalIDString = E2FA2562272D856B00621FC7;
			remoteInfo = colimator;
		};
/* End PBXContainerItemProxy section */

/* Begin PBXFileReference section */
		E236083027304D9E0090E1AD /* ColimaSettingsView.swift */ = {isa = PBXFileReference; lastKnownFileType = sourcecode.swift; path = ColimaSettingsView.swift; sourceTree = "<group>"; };
		E236083327304DCC0090E1AD /* ContainersView.swift */ = {isa = PBXFileReference; lastKnownFileType = sourcecode.swift; path = ContainersView.swift; sourceTree = "<group>"; };
		E236083527304E120090E1AD /* ColimaNavigationView.swift */ = {isa = PBXFileReference; lastKnownFileType = sourcecode.swift; path = ColimaNavigationView.swift; sourceTree = "<group>"; };
		E23608372730598C0090E1AD /* .gitignore */ = {isa = PBXFileReference; lastKnownFileType = text; path = .gitignore; sourceTree = "<group>"; };
		E236083927306C280090E1AD /* PageView.swift */ = {isa = PBXFileReference; lastKnownFileType = sourcecode.swift; path = PageView.swift; sourceTree = "<group>"; };
		E2941C9D272DA104002D0C1B /* colimator.entitlements */ = {isa = PBXFileReference; lastKnownFileType = text.plist.entitlements; path = colimator.entitlements; sourceTree = "<group>"; };
		E2941C9E272DA910002D0C1B /* execCommand.swift */ = {isa = PBXFileReference; lastKnownFileType = sourcecode.swift; path = execCommand.swift; sourceTree = "<group>"; };
		E2941CA0272DAA5C002D0C1B /* colima.swift */ = {isa = PBXFileReference; lastKnownFileType = sourcecode.swift; path = colima.swift; sourceTree = "<group>"; };
		E2941CA5272EF368002D0C1B /* ColimaStatusPublisher.swift */ = {isa = PBXFileReference; lastKnownFileType = sourcecode.swift; path = ColimaStatusPublisher.swift; sourceTree = "<group>"; };
		E2941CA8272F0337002D0C1B /* MainView.swift */ = {isa = PBXFileReference; lastKnownFileType = sourcecode.swift; path = MainView.swift; sourceTree = "<group>"; };
		E2941CAA272F0439002D0C1B /* ColimaStatusView.swift */ = {isa = PBXFileReference; lastKnownFileType = sourcecode.swift; path = ColimaStatusView.swift; sourceTree = "<group>"; };
		E2941CAC27301616002D0C1B /* ColimaStatusParserTests.swift */ = {isa = PBXFileReference; lastKnownFileType = sourcecode.swift; path = ColimaStatusParserTests.swift; sourceTree = "<group>"; };
		E2941CAE27302F7D002D0C1B /* AsyncArrayOfStrings.swift */ = {isa = PBXFileReference; lastKnownFileType = sourcecode.swift; path = AsyncArrayOfStrings.swift; sourceTree = "<group>"; };
		E2FA2563272D856B00621FC7 /* colimator.app */ = {isa = PBXFileReference; explicitFileType = wrapper.application; includeInIndex = 0; path = colimator.app; sourceTree = BUILT_PRODUCTS_DIR; };
		E2FA2566272D856B00621FC7 /* colimatorApp.swift */ = {isa = PBXFileReference; lastKnownFileType = sourcecode.swift; path = colimatorApp.swift; sourceTree = "<group>"; };
		E2FA256A272D856C00621FC7 /* Assets.xcassets */ = {isa = PBXFileReference; lastKnownFileType = folder.assetcatalog; path = Assets.xcassets; sourceTree = "<group>"; };
		E2FA256D272D856C00621FC7 /* Preview Assets.xcassets */ = {isa = PBXFileReference; lastKnownFileType = folder.assetcatalog; path = "Preview Assets.xcassets"; sourceTree = "<group>"; };
		E2FA2574272D856C00621FC7 /* colimatorTests.xctest */ = {isa = PBXFileReference; explicitFileType = wrapper.cfbundle; includeInIndex = 0; path = colimatorTests.xctest; sourceTree = BUILT_PRODUCTS_DIR; };
		E2FA2578272D856C00621FC7 /* colimatorTests.swift */ = {isa = PBXFileReference; lastKnownFileType = sourcecode.swift; path = colimatorTests.swift; sourceTree = "<group>"; };
		E2FA257E272D856C00621FC7 /* colimatorUITests.xctest */ = {isa = PBXFileReference; explicitFileType = wrapper.cfbundle; includeInIndex = 0; path = colimatorUITests.xctest; sourceTree = BUILT_PRODUCTS_DIR; };
		E2FA2582272D856C00621FC7 /* colimatorUITests.swift */ = {isa = PBXFileReference; lastKnownFileType = sourcecode.swift; path = colimatorUITests.swift; sourceTree = "<group>"; };
		E2FA2584272D856C00621FC7 /* colimatorUITestsLaunchTests.swift */ = {isa = PBXFileReference; lastKnownFileType = sourcecode.swift; path = colimatorUITestsLaunchTests.swift; sourceTree = "<group>"; };
/* End PBXFileReference section */

/* Begin PBXFrameworksBuildPhase section */
		E2FA2560272D856B00621FC7 /* Frameworks */ = {
			isa = PBXFrameworksBuildPhase;
			buildActionMask = 2147483647;
			files = (
			);
			runOnlyForDeploymentPostprocessing = 0;
		};
		E2FA2571272D856C00621FC7 /* Frameworks */ = {
			isa = PBXFrameworksBuildPhase;
			buildActionMask = 2147483647;
			files = (
			);
			runOnlyForDeploymentPostprocessing = 0;
		};
		E2FA257B272D856C00621FC7 /* Frameworks */ = {
			isa = PBXFrameworksBuildPhase;
			buildActionMask = 2147483647;
			files = (
			);
			runOnlyForDeploymentPostprocessing = 0;
		};
/* End PBXFrameworksBuildPhase section */

/* Begin PBXGroup section */
		E236083227304DB40090E1AD /* pages */ = {
			isa = PBXGroup;
			children = (
				E236083027304D9E0090E1AD /* ColimaSettingsView.swift */,
				E236083327304DCC0090E1AD /* ContainersView.swift */,
				E236083927306C280090E1AD /* PageView.swift */,
			);
			path = pages;
			sourceTree = "<group>";
		};
		E2941CA2272EEDB7002D0C1B /* models */ = {
			isa = PBXGroup;
			children = (
				E2941C9E272DA910002D0C1B /* execCommand.swift */,
				E2941CA0272DAA5C002D0C1B /* colima.swift */,
			);
			path = models;
			sourceTree = "<group>";
		};
		E2941CA3272EEDCD002D0C1B /* views */ = {
			isa = PBXGroup;
			children = (
				E236083227304DB40090E1AD /* pages */,
				E2941CA8272F0337002D0C1B /* MainView.swift */,
				E2941CAA272F0439002D0C1B /* ColimaStatusView.swift */,
				E236083527304E120090E1AD /* ColimaNavigationView.swift */,
			);
			path = views;
			sourceTree = "<group>";
		};
		E2941CA4272EF279002D0C1B /* controllers */ = {
			isa = PBXGroup;
			children = (
				E2941CA5272EF368002D0C1B /* ColimaStatusPublisher.swift */,
			);
			path = controllers;
			sourceTree = "<group>";
		};
		E2FA255A272D856B00621FC7 = {
			isa = PBXGroup;
			children = (
				E23608372730598C0090E1AD /* .gitignore */,
				E2FA2565272D856B00621FC7 /* colimator */,
				E2FA2577272D856C00621FC7 /* colimatorTests */,
				E2FA2581272D856C00621FC7 /* colimatorUITests */,
				E2FA2564272D856B00621FC7 /* Products */,
			);
			sourceTree = "<group>";
		};
		E2FA2564272D856B00621FC7 /* Products */ = {
			isa = PBXGroup;
			children = (
				E2FA2563272D856B00621FC7 /* colimator.app */,
				E2FA2574272D856C00621FC7 /* colimatorTests.xctest */,
				E2FA257E272D856C00621FC7 /* colimatorUITests.xctest */,
			);
			name = Products;
			sourceTree = "<group>";
		};
		E2FA2565272D856B00621FC7 /* colimator */ = {
			isa = PBXGroup;
			children = (
				E2941CA4272EF279002D0C1B /* controllers */,
				E2941CA3272EEDCD002D0C1B /* views */,
				E2941CA2272EEDB7002D0C1B /* models */,
				E2941C9D272DA104002D0C1B /* colimator.entitlements */,
				E2FA2566272D856B00621FC7 /* colimatorApp.swift */,
				E2FA256A272D856C00621FC7 /* Assets.xcassets */,
				E2FA256C272D856C00621FC7 /* Preview Content */,
			);
			path = colimator;
			sourceTree = "<group>";
		};
		E2FA256C272D856C00621FC7 /* Preview Content */ = {
			isa = PBXGroup;
			children = (
				E2FA256D272D856C00621FC7 /* Preview Assets.xcassets */,
			);
			path = "Preview Content";
			sourceTree = "<group>";
		};
		E2FA2577272D856C00621FC7 /* colimatorTests */ = {
			isa = PBXGroup;
			children = (
				E2941CAC27301616002D0C1B /* ColimaStatusParserTests.swift */,
				E2FA2578272D856C00621FC7 /* colimatorTests.swift */,
				E2941CAE27302F7D002D0C1B /* AsyncArrayOfStrings.swift */,
			);
			path = colimatorTests;
			sourceTree = "<group>";
		};
		E2FA2581272D856C00621FC7 /* colimatorUITests */ = {
			isa = PBXGroup;
			children = (
				E2FA2582272D856C00621FC7 /* colimatorUITests.swift */,
				E2FA2584272D856C00621FC7 /* colimatorUITestsLaunchTests.swift */,
			);
			path = colimatorUITests;
			sourceTree = "<group>";
		};
/* End PBXGroup section */

/* Begin PBXNativeTarget section */
		E2FA2562272D856B00621FC7 /* colimator */ = {
			isa = PBXNativeTarget;
			buildConfigurationList = E2FA2588272D856C00621FC7 /* Build configuration list for PBXNativeTarget "colimator" */;
			buildPhases = (
				E2FA255F272D856B00621FC7 /* Sources */,
				E2FA2560272D856B00621FC7 /* Frameworks */,
				E2FA2561272D856B00621FC7 /* Resources */,
			);
			buildRules = (
			);
			dependencies = (
			);
			name = colimator;
			productName = colimator;
			productReference = E2FA2563272D856B00621FC7 /* colimator.app */;
			productType = "com.apple.product-type.application";
		};
		E2FA2573272D856C00621FC7 /* colimatorTests */ = {
			isa = PBXNativeTarget;
			buildConfigurationList = E2FA258B272D856C00621FC7 /* Build configuration list for PBXNativeTarget "colimatorTests" */;
			buildPhases = (
				E2FA2570272D856C00621FC7 /* Sources */,
				E2FA2571272D856C00621FC7 /* Frameworks */,
				E2FA2572272D856C00621FC7 /* Resources */,
			);
			buildRules = (
			);
			dependencies = (
				E2FA2576272D856C00621FC7 /* PBXTargetDependency */,
			);
			name = colimatorTests;
			productName = colimatorTests;
			productReference = E2FA2574272D856C00621FC7 /* colimatorTests.xctest */;
			productType = "com.apple.product-type.bundle.unit-test";
		};
		E2FA257D272D856C00621FC7 /* colimatorUITests */ = {
			isa = PBXNativeTarget;
			buildConfigurationList = E2FA258E272D856C00621FC7 /* Build configuration list for PBXNativeTarget "colimatorUITests" */;
			buildPhases = (
				E2FA257A272D856C00621FC7 /* Sources */,
				E2FA257B272D856C00621FC7 /* Frameworks */,
				E2FA257C272D856C00621FC7 /* Resources */,
			);
			buildRules = (
			);
			dependencies = (
				E2FA2580272D856C00621FC7 /* PBXTargetDependency */,
			);
			name = colimatorUITests;
			productName = colimatorUITests;
			productReference = E2FA257E272D856C00621FC7 /* colimatorUITests.xctest */;
			productType = "com.apple.product-type.bundle.ui-testing";
		};
/* End PBXNativeTarget section */

/* Begin PBXProject section */
		E2FA255B272D856B00621FC7 /* Project object */ = {
			isa = PBXProject;
			attributes = {
				BuildIndependentTargetsInParallel = 1;
				LastSwiftUpdateCheck = 1310;
				LastUpgradeCheck = 1310;
				TargetAttributes = {
					E2FA2562272D856B00621FC7 = {
						CreatedOnToolsVersion = 13.1;
					};
					E2FA2573272D856C00621FC7 = {
						CreatedOnToolsVersion = 13.1;
						TestTargetID = E2FA2562272D856B00621FC7;
					};
					E2FA257D272D856C00621FC7 = {
						CreatedOnToolsVersion = 13.1;
						TestTargetID = E2FA2562272D856B00621FC7;
					};
				};
			};
			buildConfigurationList = E2FA255E272D856B00621FC7 /* Build configuration list for PBXProject "colimator" */;
			compatibilityVersion = "Xcode 13.0";
			developmentRegion = en;
			hasScannedForEncodings = 0;
			knownRegions = (
				en,
				Base,
			);
			mainGroup = E2FA255A272D856B00621FC7;
			productRefGroup = E2FA2564272D856B00621FC7 /* Products */;
			projectDirPath = "";
			projectRoot = "";
			targets = (
				E2FA2562272D856B00621FC7 /* colimator */,
				E2FA2573272D856C00621FC7 /* colimatorTests */,
				E2FA257D272D856C00621FC7 /* colimatorUITests */,
			);
		};
/* End PBXProject section */

/* Begin PBXResourcesBuildPhase section */
		E2FA2561272D856B00621FC7 /* Resources */ = {
			isa = PBXResourcesBuildPhase;
			buildActionMask = 2147483647;
			files = (
				E2FA256E272D856C00621FC7 /* Preview Assets.xcassets in Resources */,
				E23608382730598C0090E1AD /* .gitignore in Resources */,
				E2FA256B272D856C00621FC7 /* Assets.xcassets in Resources */,
			);
			runOnlyForDeploymentPostprocessing = 0;
		};
		E2FA2572272D856C00621FC7 /* Resources */ = {
			isa = PBXResourcesBuildPhase;
			buildActionMask = 2147483647;
			files = (
			);
			runOnlyForDeploymentPostprocessing = 0;
		};
		E2FA257C272D856C00621FC7 /* Resources */ = {
			isa = PBXResourcesBuildPhase;
			buildActionMask = 2147483647;
			files = (
			);
			runOnlyForDeploymentPostprocessing = 0;
		};
/* End PBXResourcesBuildPhase section */

/* Begin PBXSourcesBuildPhase section */
		E2FA255F272D856B00621FC7 /* Sources */ = {
			isa = PBXSourcesBuildPhase;
			buildActionMask = 2147483647;
			files = (
				E236083427304DCC0090E1AD /* ContainersView.swift in Sources */,
				E236083627304E120090E1AD /* ColimaNavigationView.swift in Sources */,
				E236083127304D9E0090E1AD /* ColimaSettingsView.swift in Sources */,
				E2941CAB272F0439002D0C1B /* ColimaStatusView.swift in Sources */,
				E2941CA1272DAA5C002D0C1B /* colima.swift in Sources */,
				E236083A27306C280090E1AD /* PageView.swift in Sources */,
				E2941CA9272F0337002D0C1B /* MainView.swift in Sources */,
				E2941C9F272DA910002D0C1B /* execCommand.swift in Sources */,
				E2FA2567272D856B00621FC7 /* colimatorApp.swift in Sources */,
				E2941CA6272EF368002D0C1B /* ColimaStatusPublisher.swift in Sources */,
			);
			runOnlyForDeploymentPostprocessing = 0;
		};
		E2FA2570272D856C00621FC7 /* Sources */ = {
			isa = PBXSourcesBuildPhase;
			buildActionMask = 2147483647;
			files = (
				E2FA2579272D856C00621FC7 /* colimatorTests.swift in Sources */,
				E2941CAD27301616002D0C1B /* ColimaStatusParserTests.swift in Sources */,
				E2941CAF27302F7D002D0C1B /* AsyncArrayOfStrings.swift in Sources */,
			);
			runOnlyForDeploymentPostprocessing = 0;
		};
		E2FA257A272D856C00621FC7 /* Sources */ = {
			isa = PBXSourcesBuildPhase;
			buildActionMask = 2147483647;
			files = (
				E2FA2583272D856C00621FC7 /* colimatorUITests.swift in Sources */,
				E2FA2585272D856C00621FC7 /* colimatorUITestsLaunchTests.swift in Sources */,
			);
			runOnlyForDeploymentPostprocessing = 0;
		};
/* End PBXSourcesBuildPhase section */

/* Begin PBXTargetDependency section */
		E2FA2576272D856C00621FC7 /* PBXTargetDependency */ = {
			isa = PBXTargetDependency;
			target = E2FA2562272D856B00621FC7 /* colimator */;
			targetProxy = E2FA2575272D856C00621FC7 /* PBXContainerItemProxy */;
		};
		E2FA2580272D856C00621FC7 /* PBXTargetDependency */ = {
			isa = PBXTargetDependency;
			target = E2FA2562272D856B00621FC7 /* colimator */;
			targetProxy = E2FA257F272D856C00621FC7 /* PBXContainerItemProxy */;
		};
/* End PBXTargetDependency section */

/* Begin XCBuildConfiguration section */
		E2FA2586272D856C00621FC7 /* Debug */ = {
			isa = XCBuildConfiguration;
			buildSettings = {
				ALWAYS_SEARCH_USER_PATHS = NO;
				CLANG_ANALYZER_NONNULL = YES;
				CLANG_ANALYZER_NUMBER_OBJECT_CONVERSION = YES_AGGRESSIVE;
				CLANG_CXX_LANGUAGE_STANDARD = "gnu++17";
				CLANG_CXX_LIBRARY = "libc++";
				CLANG_ENABLE_MODULES = YES;
				CLANG_ENABLE_OBJC_ARC = YES;
				CLANG_ENABLE_OBJC_WEAK = YES;
				CLANG_WARN_BLOCK_CAPTURE_AUTORELEASING = YES;
				CLANG_WARN_BOOL_CONVERSION = YES;
				CLANG_WARN_COMMA = YES;
				CLANG_WARN_CONSTANT_CONVERSION = YES;
				CLANG_WARN_DEPRECATED_OBJC_IMPLEMENTATIONS = YES;
				CLANG_WARN_DIRECT_OBJC_ISA_USAGE = YES_ERROR;
				CLANG_WARN_DOCUMENTATION_COMMENTS = YES;
				CLANG_WARN_EMPTY_BODY = YES;
				CLANG_WARN_ENUM_CONVERSION = YES;
				CLANG_WARN_INFINITE_RECURSION = YES;
				CLANG_WARN_INT_CONVERSION = YES;
				CLANG_WARN_NON_LITERAL_NULL_CONVERSION = YES;
				CLANG_WARN_OBJC_IMPLICIT_RETAIN_SELF = YES;
				CLANG_WARN_OBJC_LITERAL_CONVERSION = YES;
				CLANG_WARN_OBJC_ROOT_CLASS = YES_ERROR;
				CLANG_WARN_QUOTED_INCLUDE_IN_FRAMEWORK_HEADER = YES;
				CLANG_WARN_RANGE_LOOP_ANALYSIS = YES;
				CLANG_WARN_STRICT_PROTOTYPES = YES;
				CLANG_WARN_SUSPICIOUS_MOVE = YES;
				CLANG_WARN_UNGUARDED_AVAILABILITY = YES_AGGRESSIVE;
				CLANG_WARN_UNREACHABLE_CODE = YES;
				CLANG_WARN__DUPLICATE_METHOD_MATCH = YES;
				COPY_PHASE_STRIP = NO;
				DEBUG_INFORMATION_FORMAT = dwarf;
				ENABLE_STRICT_OBJC_MSGSEND = YES;
				ENABLE_TESTABILITY = YES;
				GCC_C_LANGUAGE_STANDARD = gnu11;
				GCC_DYNAMIC_NO_PIC = NO;
				GCC_NO_COMMON_BLOCKS = YES;
				GCC_OPTIMIZATION_LEVEL = 0;
				GCC_PREPROCESSOR_DEFINITIONS = (
					"DEBUG=1",
					"$(inherited)",
				);
				GCC_WARN_64_TO_32_BIT_CONVERSION = YES;
				GCC_WARN_ABOUT_RETURN_TYPE = YES_ERROR;
				GCC_WARN_UNDECLARED_SELECTOR = YES;
				GCC_WARN_UNINITIALIZED_AUTOS = YES_AGGRESSIVE;
				GCC_WARN_UNUSED_FUNCTION = YES;
				GCC_WARN_UNUSED_VARIABLE = YES;
				MACOSX_DEPLOYMENT_TARGET = 12.0;
				MTL_ENABLE_DEBUG_INFO = INCLUDE_SOURCE;
				MTL_FAST_MATH = YES;
				ONLY_ACTIVE_ARCH = YES;
				SDKROOT = macosx;
				SWIFT_ACTIVE_COMPILATION_CONDITIONS = DEBUG;
				SWIFT_OPTIMIZATION_LEVEL = "-Onone";
			};
			name = Debug;
		};
		E2FA2587272D856C00621FC7 /* Release */ = {
			isa = XCBuildConfiguration;
			buildSettings = {
				ALWAYS_SEARCH_USER_PATHS = NO;
				CLANG_ANALYZER_NONNULL = YES;
				CLANG_ANALYZER_NUMBER_OBJECT_CONVERSION = YES_AGGRESSIVE;
				CLANG_CXX_LANGUAGE_STANDARD = "gnu++17";
				CLANG_CXX_LIBRARY = "libc++";
				CLANG_ENABLE_MODULES = YES;
				CLANG_ENABLE_OBJC_ARC = YES;
				CLANG_ENABLE_OBJC_WEAK = YES;
				CLANG_WARN_BLOCK_CAPTURE_AUTORELEASING = YES;
				CLANG_WARN_BOOL_CONVERSION = YES;
				CLANG_WARN_COMMA = YES;
				CLANG_WARN_CONSTANT_CONVERSION = YES;
				CLANG_WARN_DEPRECATED_OBJC_IMPLEMENTATIONS = YES;
				CLANG_WARN_DIRECT_OBJC_ISA_USAGE = YES_ERROR;
				CLANG_WARN_DOCUMENTATION_COMMENTS = YES;
				CLANG_WARN_EMPTY_BODY = YES;
				CLANG_WARN_ENUM_CONVERSION = YES;
				CLANG_WARN_INFINITE_RECURSION = YES;
				CLANG_WARN_INT_CONVERSION = YES;
				CLANG_WARN_NON_LITERAL_NULL_CONVERSION = YES;
				CLANG_WARN_OBJC_IMPLICIT_RETAIN_SELF = YES;
				CLANG_WARN_OBJC_LITERAL_CONVERSION = YES;
				CLANG_WARN_OBJC_ROOT_CLASS = YES_ERROR;
				CLANG_WARN_QUOTED_INCLUDE_IN_FRAMEWORK_HEADER = YES;
				CLANG_WARN_RANGE_LOOP_ANALYSIS = YES;
				CLANG_WARN_STRICT_PROTOTYPES = YES;
				CLANG_WARN_SUSPICIOUS_MOVE = YES;
				CLANG_WARN_UNGUARDED_AVAILABILITY = YES_AGGRESSIVE;
				CLANG_WARN_UNREACHABLE_CODE = YES;
				CLANG_WARN__DUPLICATE_METHOD_MATCH = YES;
				COPY_PHASE_STRIP = NO;
				DEBUG_INFORMATION_FORMAT = "dwarf-with-dsym";
				ENABLE_NS_ASSERTIONS = NO;
				ENABLE_STRICT_OBJC_MSGSEND = YES;
				GCC_C_LANGUAGE_STANDARD = gnu11;
				GCC_NO_COMMON_BLOCKS = YES;
				GCC_WARN_64_TO_32_BIT_CONVERSION = YES;
				GCC_WARN_ABOUT_RETURN_TYPE = YES_ERROR;
				GCC_WARN_UNDECLARED_SELECTOR = YES;
				GCC_WARN_UNINITIALIZED_AUTOS = YES_AGGRESSIVE;
				GCC_WARN_UNUSED_FUNCTION = YES;
				GCC_WARN_UNUSED_VARIABLE = YES;
				MACOSX_DEPLOYMENT_TARGET = 12.0;
				MTL_ENABLE_DEBUG_INFO = NO;
				MTL_FAST_MATH = YES;
				SDKROOT = macosx;
				SWIFT_COMPILATION_MODE = wholemodule;
				SWIFT_OPTIMIZATION_LEVEL = "-O";
			};
			name = Release;
		};
		E2FA2589272D856C00621FC7 /* Debug */ = {
			isa = XCBuildConfiguration;
			buildSettings = {
				ASSETCATALOG_COMPILER_APPICON_NAME = AppIcon;
				ASSETCATALOG_COMPILER_GLOBAL_ACCENT_COLOR_NAME = AccentColor;
				CODE_SIGN_ENTITLEMENTS = colimator/colimator.entitlements;
				CODE_SIGN_STYLE = Automatic;
				COMBINE_HIDPI_IMAGES = YES;
				CURRENT_PROJECT_VERSION = 1;
				DEVELOPMENT_ASSET_PATHS = "\"colimator/Preview Content\"";
				ENABLE_PREVIEWS = YES;
				GENERATE_INFOPLIST_FILE = YES;
				INFOPLIST_KEY_NSHumanReadableCopyright = "";
				LD_RUNPATH_SEARCH_PATHS = (
					"$(inherited)",
					"@executable_path/../Frameworks",
				);
				MARKETING_VERSION = 1.0;
				PRODUCT_BUNDLE_IDENTIFIER = madsoft.colimator;
				PRODUCT_NAME = "$(TARGET_NAME)";
				SWIFT_EMIT_LOC_STRINGS = YES;
				SWIFT_VERSION = 5.0;
			};
			name = Debug;
		};
		E2FA258A272D856C00621FC7 /* Release */ = {
			isa = XCBuildConfiguration;
			buildSettings = {
				ASSETCATALOG_COMPILER_APPICON_NAME = AppIcon;
				ASSETCATALOG_COMPILER_GLOBAL_ACCENT_COLOR_NAME = AccentColor;
				CODE_SIGN_ENTITLEMENTS = colimator/colimator.entitlements;
				CODE_SIGN_STYLE = Automatic;
				COMBINE_HIDPI_IMAGES = YES;
				CURRENT_PROJECT_VERSION = 1;
				DEVELOPMENT_ASSET_PATHS = "\"colimator/Preview Content\"";
				ENABLE_PREVIEWS = YES;
				GENERATE_INFOPLIST_FILE = YES;
				INFOPLIST_KEY_NSHumanReadableCopyright = "";
				LD_RUNPATH_SEARCH_PATHS = (
					"$(inherited)",
					"@executable_path/../Frameworks",
				);
				MARKETING_VERSION = 1.0;
				PRODUCT_BUNDLE_IDENTIFIER = madsoft.colimator;
				PRODUCT_NAME = "$(TARGET_NAME)";
				SWIFT_EMIT_LOC_STRINGS = YES;
				SWIFT_VERSION = 5.0;
			};
			name = Release;
		};
		E2FA258C272D856C00621FC7 /* Debug */ = {
			isa = XCBuildConfiguration;
			buildSettings = {
				ALWAYS_EMBED_SWIFT_STANDARD_LIBRARIES = YES;
				BUNDLE_LOADER = "$(TEST_HOST)";
				CODE_SIGN_STYLE = Automatic;
				COMBINE_HIDPI_IMAGES = YES;
				CURRENT_PROJECT_VERSION = 1;
				GENERATE_INFOPLIST_FILE = YES;
				LD_RUNPATH_SEARCH_PATHS = (
					"$(inherited)",
					"@executable_path/../Frameworks",
					"@loader_path/../Frameworks",
				);
				MACOSX_DEPLOYMENT_TARGET = 12.0;
				MARKETING_VERSION = 1.0;
				PRODUCT_BUNDLE_IDENTIFIER = madsoft.colimatorTests;
				PRODUCT_NAME = "$(TARGET_NAME)";
				SWIFT_EMIT_LOC_STRINGS = NO;
				SWIFT_VERSION = 5.0;
				TEST_HOST = "$(BUILT_PRODUCTS_DIR)/colimator.app/Contents/MacOS/colimator";
			};
			name = Debug;
		};
		E2FA258D272D856C00621FC7 /* Release */ = {
			isa = XCBuildConfiguration;
			buildSettings = {
				ALWAYS_EMBED_SWIFT_STANDARD_LIBRARIES = YES;
				BUNDLE_LOADER = "$(TEST_HOST)";
				CODE_SIGN_STYLE = Automatic;
				COMBINE_HIDPI_IMAGES = YES;
				CURRENT_PROJECT_VERSION = 1;
				GENERATE_INFOPLIST_FILE = YES;
				LD_RUNPATH_SEARCH_PATHS = (
					"$(inherited)",
					"@executable_path/../Frameworks",
					"@loader_path/../Frameworks",
				);
				MACOSX_DEPLOYMENT_TARGET = 12.0;
				MARKETING_VERSION = 1.0;
				PRODUCT_BUNDLE_IDENTIFIER = madsoft.colimatorTests;
				PRODUCT_NAME = "$(TARGET_NAME)";
				SWIFT_EMIT_LOC_STRINGS = NO;
				SWIFT_VERSION = 5.0;
				TEST_HOST = "$(BUILT_PRODUCTS_DIR)/colimator.app/Contents/MacOS/colimator";
			};
			name = Release;
		};
		E2FA258F272D856C00621FC7 /* Debug */ = {
			isa = XCBuildConfiguration;
			buildSettings = {
				ALWAYS_EMBED_SWIFT_STANDARD_LIBRARIES = YES;
				CODE_SIGN_STYLE = Automatic;
				COMBINE_HIDPI_IMAGES = YES;
				CURRENT_PROJECT_VERSION = 1;
				GENERATE_INFOPLIST_FILE = YES;
				LD_RUNPATH_SEARCH_PATHS = (
					"$(inherited)",
					"@executable_path/../Frameworks",
					"@loader_path/../Frameworks",
				);
				MARKETING_VERSION = 1.0;
				PRODUCT_BUNDLE_IDENTIFIER = madsoft.colimatorUITests;
				PRODUCT_NAME = "$(TARGET_NAME)";
				SWIFT_EMIT_LOC_STRINGS = NO;
				SWIFT_VERSION = 5.0;
				TEST_TARGET_NAME = colimator;
			};
			name = Debug;
		};
		E2FA2590272D856C00621FC7 /* Release */ = {
			isa = XCBuildConfiguration;
			buildSettings = {
				ALWAYS_EMBED_SWIFT_STANDARD_LIBRARIES = YES;
				CODE_SIGN_STYLE = Automatic;
				COMBINE_HIDPI_IMAGES = YES;
				CURRENT_PROJECT_VERSION = 1;
				GENERATE_INFOPLIST_FILE = YES;
				LD_RUNPATH_SEARCH_PATHS = (
					"$(inherited)",
					"@executable_path/../Frameworks",
					"@loader_path/../Frameworks",
				);
				MARKETING_VERSION = 1.0;
				PRODUCT_BUNDLE_IDENTIFIER = madsoft.colimatorUITests;
				PRODUCT_NAME = "$(TARGET_NAME)";
				SWIFT_EMIT_LOC_STRINGS = NO;
				SWIFT_VERSION = 5.0;
				TEST_TARGET_NAME = colimator;
			};
			name = Release;
		};
/* End XCBuildConfiguration section */

/* Begin XCConfigurationList section */
		E2FA255E272D856B00621FC7 /* Build configuration list for PBXProject "colimator" */ = {
			isa = XCConfigurationList;
			buildConfigurations = (
				E2FA2586272D856C00621FC7 /* Debug */,
				E2FA2587272D856C00621FC7 /* Release */,
			);
			defaultConfigurationIsVisible = 0;
			defaultConfigurationName = Release;
		};
		E2FA2588272D856C00621FC7 /* Build configuration list for PBXNativeTarget "colimator" */ = {
			isa = XCConfigurationList;
			buildConfigurations = (
				E2FA2589272D856C00621FC7 /* Debug */,
				E2FA258A272D856C00621FC7 /* Release */,
			);
			defaultConfigurationIsVisible = 0;
			defaultConfigurationName = Release;
		};
		E2FA258B272D856C00621FC7 /* Build configuration list for PBXNativeTarget "colimatorTests" */ = {
			isa = XCConfigurationList;
			buildConfigurations = (
				E2FA258C272D856C00621FC7 /* Debug */,
				E2FA258D272D856C00621FC7 /* Release */,
			);
			defaultConfigurationIsVisible = 0;
			defaultConfigurationName = Release;
		};
		E2FA258E272D856C00621FC7 /* Build configuration list for PBXNativeTarget "colimatorUITests" */ = {
			isa = XCConfigurationList;
			buildConfigurations = (
				E2FA258F272D856C00621FC7 /* Debug */,
				E2FA2590272D856C00621FC7 /* Release */,
			);
			defaultConfigurationIsVisible = 0;
			defaultConfigurationName = Release;
		};
/* End XCConfigurationList section */
	};
	rootObject = E2FA255B272D856B00621FC7 /* Project object */;
}
